
Microsoft Visual Studio Solution File, Format Version 12.00
# Visual Studio Version 16
VisualStudioVersion = 16.0.31613.86
MinimumVisualStudioVersion = 10.0.40219.1
Project("{8BC9CEB8-8B4A-11D0-8D11-00A0C91BC942}") = "abort", "abort.vcxproj", "{AEB2E324-8C08-4A28-A718-CDEE6E4CBF07}"
EndProject
Global
	GlobalSection(SolutionConfigurationPlatforms) = preSolution
		Debug|x64 = Debug|x64
		Debug|x86 = Debug|x86
		Release|x64 = Release|x64
		Release|x86 = Release|x86
	EndGlobalSection
	GlobalSection(ProjectConfigurationPlatforms) = postSolution
		{AEB2E324-8C08-4A28-A718-CDEE6E4CBF07}.Debug|x64.ActiveCfg = Debug|x64
		{AEB2E324-8C08-4A28-A718-CDEE6E4CBF07}.Debug|x64.Build.0 = Debug|x64
		{AEB2E324-8C08-4A28-A718-CDEE6E4CBF07}.Debug|x86.ActiveCfg = Debug|Win32
		{AEB2E324-8C08-4A28-A718-CDEE6E4CBF07}.Debug|x86.Build.0 = Debug|Win32
		{AEB2E324-8C08-4A28-A718-CDEE6E4CBF07}.Release|x64.ActiveCfg = Release|x64
		{AEB2E324-8C08-4A28-A718-CDEE6E4CBF07}.Release|x64.Build.0 = Release|x64
		{AEB2E324-8C08-4A28-A718-CDEE6E4CBF07}.Release|x86.ActiveCfg = Release|Win32
		{AEB2E324-8C08-4A28-A718-CDEE6E4CBF07}.Release|x86.Build.0 = Release|Win32
	EndGlobalSection
	GlobalSection(SolutionProperties) = preSolution
		HideSolutionNode = FALSE
	EndGlobalSection
	GlobalSection(ExtensibilityGlobals) = postSolution
		SolutionGuid = {BC96D09D-25F8-4D66-B52D-ED2845C76B04}
	EndGlobalSection
EndGlobal
